
Microsoft Visual Studio Solution File, Format Version 12.00
# Visual Studio Version 17
VisualStudioVersion = 17.7.34202.233
MinimumVisualStudioVersion = 10.0.40219.1
Project("{FAE04EC0-301F-11D3-BF4B-00C04F79EFBC}") = "Casting", "Casting.csproj", "{2343589E-8F7F-46B0-BB7A-5B0789A7F9D1}"
EndProject
Global
	GlobalSection(SolutionConfigurationPlatforms) = preSolution
		Debug|Any CPU = Debug|Any CPU
		Release|Any CPU = Release|Any CPU
	EndGlobalSection
	GlobalSection(ProjectConfigurationPlatforms) = postSolution
		{2343589E-8F7F-46B0-BB7A-5B0789A7F9D1}.Debug|Any CPU.ActiveCfg = Debug|Any CPU
		{2343589E-8F7F-46B0-BB7A-5B0789A7F9D1}.Debug|Any CPU.Build.0 = Debug|Any CPU
		{2343589E-8F7F-46B0-BB7A-5B0789A7F9D1}.Release|Any CPU.ActiveCfg = Release|Any CPU
		{2343589E-8F7F-46B0-BB7A-5B0789A7F9D1}.Release|Any CPU.Build.0 = Release|Any CPU
	EndGlobalSection
	GlobalSection(SolutionProperties) = preSolution
		HideSolutionNode = FALSE
	EndGlobalSection
	GlobalSection(ExtensibilityGlobals) = postSolution
		SolutionGuid = {BA758E62-4202-4455-B33C-C9B8F441359D}
	EndGlobalSection
EndGlobal
