
Microsoft Visual Studio Solution File, Format Version 12.00
# Visual Studio Version 17
VisualStudioVersion = 17.7.34202.233
MinimumVisualStudioVersion = 10.0.40219.1
Project("{FAE04EC0-301F-11D3-BF4B-00C04F79EFBC}") = "LugxGaming", "LugxGaming.csproj", "{ADE05AF0-7606-446C-91F4-6669A3F743BE}"
EndProject
Global
	GlobalSection(SolutionConfigurationPlatforms) = preSolution
		Debug|Any CPU = Debug|Any CPU
		Release|Any CPU = Release|Any CPU
	EndGlobalSection
	GlobalSection(ProjectConfigurationPlatforms) = postSolution
		{ADE05AF0-7606-446C-91F4-6669A3F743BE}.Debug|Any CPU.ActiveCfg = Debug|Any CPU
		{ADE05AF0-7606-446C-91F4-6669A3F743BE}.Debug|Any CPU.Build.0 = Debug|Any CPU
		{ADE05AF0-7606-446C-91F4-6669A3F743BE}.Release|Any CPU.ActiveCfg = Release|Any CPU
		{ADE05AF0-7606-446C-91F4-6669A3F743BE}.Release|Any CPU.Build.0 = Release|Any CPU
	EndGlobalSection
	GlobalSection(SolutionProperties) = preSolution
		HideSolutionNode = FALSE
	EndGlobalSection
	GlobalSection(ExtensibilityGlobals) = postSolution
		SolutionGuid = {F0606E44-EFA5-4CF8-91EE-ADAF7E86BFB7}
	EndGlobalSection
EndGlobal
