
Microsoft Visual Studio Solution File, Format Version 12.00
# Visual Studio Version 17
VisualStudioVersion = 17.7.34202.233
MinimumVisualStudioVersion = 10.0.40219.1
Project("{FAE04EC0-301F-11D3-BF4B-00C04F79EFBC}") = "WebApplication1", "WebApplication1\WebApplication1.csproj", "{192E9749-84FE-4546-817B-9A573B8C5FD5}"
EndProject
Global
	GlobalSection(SolutionConfigurationPlatforms) = preSolution
		Debug|Any CPU = Debug|Any CPU
		Release|Any CPU = Release|Any CPU
	EndGlobalSection
	GlobalSection(ProjectConfigurationPlatforms) = postSolution
		{192E9749-84FE-4546-817B-9A573B8C5FD5}.Debug|Any CPU.ActiveCfg = Debug|Any CPU
		{192E9749-84FE-4546-817B-9A573B8C5FD5}.Debug|Any CPU.Build.0 = Debug|Any CPU
		{192E9749-84FE-4546-817B-9A573B8C5FD5}.Release|Any CPU.ActiveCfg = Release|Any CPU
		{192E9749-84FE-4546-817B-9A573B8C5FD5}.Release|Any CPU.Build.0 = Release|Any CPU
	EndGlobalSection
	GlobalSection(SolutionProperties) = preSolution
		HideSolutionNode = FALSE
	EndGlobalSection
	GlobalSection(ExtensibilityGlobals) = postSolution
		SolutionGuid = {D5CA774B-368A-45B9-9C8E-9BCF6CE2DF46}
	EndGlobalSection
EndGlobal
