
Microsoft Visual Studio Solution File, Format Version 12.00
# Visual Studio Version 17
VisualStudioVersion = 17.7.34202.233
MinimumVisualStudioVersion = 10.0.40219.1
Project("{FAE04EC0-301F-11D3-BF4B-00C04F79EFBC}") = "PolymorphismHomework", "PolymorphismHomework.csproj", "{54AFC28F-86FE-4665-9C3B-8E40B8CF9EEB}"
EndProject
Project("{FAE04EC0-301F-11D3-BF4B-00C04F79EFBC}") = "Core", "..\Core\Core.csproj", "{8F0EFC7D-AC34-4761-B3C0-0C62EAF1AE8E}"
EndProject
Project("{FAE04EC0-301F-11D3-BF4B-00C04F79EFBC}") = "Service", "..\Service\Service.csproj", "{1EEBF4AF-689B-4D80-9411-EB791E8AD518}"
EndProject
Global
	GlobalSection(SolutionConfigurationPlatforms) = preSolution
		Debug|Any CPU = Debug|Any CPU
		Release|Any CPU = Release|Any CPU
	EndGlobalSection
	GlobalSection(ProjectConfigurationPlatforms) = postSolution
		{54AFC28F-86FE-4665-9C3B-8E40B8CF9EEB}.Debug|Any CPU.ActiveCfg = Debug|Any CPU
		{54AFC28F-86FE-4665-9C3B-8E40B8CF9EEB}.Debug|Any CPU.Build.0 = Debug|Any CPU
		{54AFC28F-86FE-4665-9C3B-8E40B8CF9EEB}.Release|Any CPU.ActiveCfg = Release|Any CPU
		{54AFC28F-86FE-4665-9C3B-8E40B8CF9EEB}.Release|Any CPU.Build.0 = Release|Any CPU
		{8F0EFC7D-AC34-4761-B3C0-0C62EAF1AE8E}.Debug|Any CPU.ActiveCfg = Debug|Any CPU
		{8F0EFC7D-AC34-4761-B3C0-0C62EAF1AE8E}.Debug|Any CPU.Build.0 = Debug|Any CPU
		{8F0EFC7D-AC34-4761-B3C0-0C62EAF1AE8E}.Release|Any CPU.ActiveCfg = Release|Any CPU
		{8F0EFC7D-AC34-4761-B3C0-0C62EAF1AE8E}.Release|Any CPU.Build.0 = Release|Any CPU
		{1EEBF4AF-689B-4D80-9411-EB791E8AD518}.Debug|Any CPU.ActiveCfg = Debug|Any CPU
		{1EEBF4AF-689B-4D80-9411-EB791E8AD518}.Debug|Any CPU.Build.0 = Debug|Any CPU
		{1EEBF4AF-689B-4D80-9411-EB791E8AD518}.Release|Any CPU.ActiveCfg = Release|Any CPU
		{1EEBF4AF-689B-4D80-9411-EB791E8AD518}.Release|Any CPU.Build.0 = Release|Any CPU
	EndGlobalSection
	GlobalSection(SolutionProperties) = preSolution
		HideSolutionNode = FALSE
	EndGlobalSection
	GlobalSection(ExtensibilityGlobals) = postSolution
		SolutionGuid = {6FCD036E-ACB2-4862-ADEC-BC8BE4106FB0}
	EndGlobalSection
EndGlobal
