
Microsoft Visual Studio Solution File, Format Version 12.00
# Visual Studio Version 17
VisualStudioVersion = 17.7.34202.233
MinimumVisualStudioVersion = 10.0.40219.1
Project("{FAE04EC0-301F-11D3-BF4B-00C04F79EFBC}") = "GenericTypes", "GenericTypes.csproj", "{84F3BE79-1F0C-4184-9232-BE1D9755E855}"
EndProject
Global
	GlobalSection(SolutionConfigurationPlatforms) = preSolution
		Debug|Any CPU = Debug|Any CPU
		Release|Any CPU = Release|Any CPU
	EndGlobalSection
	GlobalSection(ProjectConfigurationPlatforms) = postSolution
		{84F3BE79-1F0C-4184-9232-BE1D9755E855}.Debug|Any CPU.ActiveCfg = Debug|Any CPU
		{84F3BE79-1F0C-4184-9232-BE1D9755E855}.Debug|Any CPU.Build.0 = Debug|Any CPU
		{84F3BE79-1F0C-4184-9232-BE1D9755E855}.Release|Any CPU.ActiveCfg = Release|Any CPU
		{84F3BE79-1F0C-4184-9232-BE1D9755E855}.Release|Any CPU.Build.0 = Release|Any CPU
	EndGlobalSection
	GlobalSection(SolutionProperties) = preSolution
		HideSolutionNode = FALSE
	EndGlobalSection
	GlobalSection(ExtensibilityGlobals) = postSolution
		SolutionGuid = {96EC5E47-0C36-4737-9845-AC09808B2DFF}
	EndGlobalSection
EndGlobal
