
Microsoft Visual Studio Solution File, Format Version 12.00
# Visual Studio Version 17
VisualStudioVersion = 17.7.34202.233
MinimumVisualStudioVersion = 10.0.40219.1
Project("{FAE04EC0-301F-11D3-BF4B-00C04F79EFBC}") = "AdoNetUser", "AdoNetUser.csproj", "{95BE67B4-8EB0-4399-96E4-E78E88D46678}"
EndProject
Global
	GlobalSection(SolutionConfigurationPlatforms) = preSolution
		Debug|Any CPU = Debug|Any CPU
		Release|Any CPU = Release|Any CPU
	EndGlobalSection
	GlobalSection(ProjectConfigurationPlatforms) = postSolution
		{95BE67B4-8EB0-4399-96E4-E78E88D46678}.Debug|Any CPU.ActiveCfg = Debug|Any CPU
		{95BE67B4-8EB0-4399-96E4-E78E88D46678}.Debug|Any CPU.Build.0 = Debug|Any CPU
		{95BE67B4-8EB0-4399-96E4-E78E88D46678}.Release|Any CPU.ActiveCfg = Release|Any CPU
		{95BE67B4-8EB0-4399-96E4-E78E88D46678}.Release|Any CPU.Build.0 = Release|Any CPU
	EndGlobalSection
	GlobalSection(SolutionProperties) = preSolution
		HideSolutionNode = FALSE
	EndGlobalSection
	GlobalSection(ExtensibilityGlobals) = postSolution
		SolutionGuid = {C406509D-75C2-4C78-8A44-27AC0C4C2C1F}
	EndGlobalSection
EndGlobal
