
Microsoft Visual Studio Solution File, Format Version 12.00
# Visual Studio Version 17
VisualStudioVersion = 17.5.33414.496
MinimumVisualStudioVersion = 10.0.40219.1
Project("{FAE04EC0-301F-11D3-BF4B-00C04F79EFBC}") = "AccessModifiers", "AccessModifiers\AccessModifiers.csproj", "{54DB1B9F-8D7E-4720-A19D-24DA0DE09865}"
EndProject
Global
	GlobalSection(SolutionConfigurationPlatforms) = preSolution
		Debug|Any CPU = Debug|Any CPU
		Release|Any CPU = Release|Any CPU
	EndGlobalSection
	GlobalSection(ProjectConfigurationPlatforms) = postSolution
		{54DB1B9F-8D7E-4720-A19D-24DA0DE09865}.Debug|Any CPU.ActiveCfg = Debug|Any CPU
		{54DB1B9F-8D7E-4720-A19D-24DA0DE09865}.Debug|Any CPU.Build.0 = Debug|Any CPU
		{54DB1B9F-8D7E-4720-A19D-24DA0DE09865}.Release|Any CPU.ActiveCfg = Release|Any CPU
		{54DB1B9F-8D7E-4720-A19D-24DA0DE09865}.Release|Any CPU.Build.0 = Release|Any CPU
	EndGlobalSection
	GlobalSection(SolutionProperties) = preSolution
		HideSolutionNode = FALSE
	EndGlobalSection
	GlobalSection(ExtensibilityGlobals) = postSolution
		SolutionGuid = {A91CF3EE-E619-45C3-9F1D-E819506B78F1}
	EndGlobalSection
EndGlobal
